
Microsoft Visual Studio Solution File, Format Version 12.00
# Visual Studio Version 16
VisualStudioVersion = 16.0.32901.82
MinimumVisualStudioVersion = 10.0.40219.1
Project("{FAE04EC0-301F-11D3-BF4B-00C04F79EFBC}") = "PVPbookStore", "PVPbookStore\PVPbookStore.csproj", "{D4FD8370-8C56-40CE-8EC4-0B317E4C7AC1}"
EndProject
Project("{FAE04EC0-301F-11D3-BF4B-00C04F79EFBC}") = "PVPBook.DataAccess", "PVPBook.DataAccess\PVPBook.DataAccess.csproj", "{8FAEFFD0-55E7-4A40-BE74-DA879C49CD35}"
EndProject
Project("{FAE04EC0-301F-11D3-BF4B-00C04F79EFBC}") = "PVPBook.Models", "PVPBook.Models\PVPBook.Models.csproj", "{F06A7D76-D21F-4663-B37E-6F826718ED07}"
EndProject
Project("{FAE04EC0-301F-11D3-BF4B-00C04F79EFBC}") = "PVPBook.Utility", "PVPBook.Utility\PVPBook.Utility.csproj", "{37260070-C903-4F5D-83DE-F218792E94C2}"
EndProject
Global
	GlobalSection(SolutionConfigurationPlatforms) = preSolution
		Debug|Any CPU = Debug|Any CPU
		Release|Any CPU = Release|Any CPU
	EndGlobalSection
	GlobalSection(ProjectConfigurationPlatforms) = postSolution
		{D4FD8370-8C56-40CE-8EC4-0B317E4C7AC1}.Debug|Any CPU.ActiveCfg = Debug|Any CPU
		{D4FD8370-8C56-40CE-8EC4-0B317E4C7AC1}.Debug|Any CPU.Build.0 = Debug|Any CPU
		{D4FD8370-8C56-40CE-8EC4-0B317E4C7AC1}.Release|Any CPU.ActiveCfg = Release|Any CPU
		{D4FD8370-8C56-40CE-8EC4-0B317E4C7AC1}.Release|Any CPU.Build.0 = Release|Any CPU
		{8FAEFFD0-55E7-4A40-BE74-DA879C49CD35}.Debug|Any CPU.ActiveCfg = Debug|Any CPU
		{8FAEFFD0-55E7-4A40-BE74-DA879C49CD35}.Debug|Any CPU.Build.0 = Debug|Any CPU
		{8FAEFFD0-55E7-4A40-BE74-DA879C49CD35}.Release|Any CPU.ActiveCfg = Release|Any CPU
		{8FAEFFD0-55E7-4A40-BE74-DA879C49CD35}.Release|Any CPU.Build.0 = Release|Any CPU
		{F06A7D76-D21F-4663-B37E-6F826718ED07}.Debug|Any CPU.ActiveCfg = Debug|Any CPU
		{F06A7D76-D21F-4663-B37E-6F826718ED07}.Debug|Any CPU.Build.0 = Debug|Any CPU
		{F06A7D76-D21F-4663-B37E-6F826718ED07}.Release|Any CPU.ActiveCfg = Release|Any CPU
		{F06A7D76-D21F-4663-B37E-6F826718ED07}.Release|Any CPU.Build.0 = Release|Any CPU
		{37260070-C903-4F5D-83DE-F218792E94C2}.Debug|Any CPU.ActiveCfg = Debug|Any CPU
		{37260070-C903-4F5D-83DE-F218792E94C2}.Debug|Any CPU.Build.0 = Debug|Any CPU
		{37260070-C903-4F5D-83DE-F218792E94C2}.Release|Any CPU.ActiveCfg = Release|Any CPU
		{37260070-C903-4F5D-83DE-F218792E94C2}.Release|Any CPU.Build.0 = Release|Any CPU
	EndGlobalSection
	GlobalSection(SolutionProperties) = preSolution
		HideSolutionNode = FALSE
	EndGlobalSection
	GlobalSection(ExtensibilityGlobals) = postSolution
		SolutionGuid = {A1D121B4-4104-435A-9B5A-379A1F466EAD}
	EndGlobalSection
EndGlobal
